// !$*UTF8*$!
{
	archiveVersion = 1;
	classes = {
	};
	objectVersion = 77;
	objects = {

/* Begin PBXBuildFile section */
		0B52F1AE5C77190760DFB39A /* VisynCapture in Frameworks */ = {isa = PBXBuildFile; productRef = 7206DC86AB8B1B44EA994628 /* VisynCapture */; };
		0C17D2E51A7BAE71DB5FE8DE /* VisynDemoBroadcastExtension.appex in Embed Foundation Extensions */ = {isa = PBXBuildFile; fileRef = 3E69A38A9C87FAEB93C9979B /* VisynDemoBroadcastExtension.appex */; settings = {ATTRIBUTES = (RemoveHeadersOnCopy, ); }; };
		0E393BA7ECA8437C16EF7F7A /* VisynDemoSampleHandler.swift in Sources */ = {isa = PBXBuildFile; fileRef = CD490BB9E2D377D4C68250E7 /* VisynDemoSampleHandler.swift */; };
		2D86AB15EDFF9DE00C3802CC /* VisynBroadcast in Frameworks */ = {isa = PBXBuildFile; productRef = E2441167DC0BF72C5FCF5869 /* VisynBroadcast */; };
/* End PBXBuildFile section */

/* Begin PBXContainerItemProxy section */
		10F19DB95FF63B5FDB461C54 /* PBXContainerItemProxy */ = {
			isa = PBXContainerItemProxy;
			containerPortal = DC5D1A563062575E0033519A /* Project object */;
			proxyType = 1;
			remoteGlobalIDString = CC4880D876A83CA27E6F48D1;
			remoteInfo = VisynDemoBroadcastExtension;
		};
/* End PBXContainerItemProxy section */

/* Begin PBXCopyFilesBuildPhase section */
		8DDFE3FEB9DD4474543080D4 /* Embed Foundation Extensions */ = {
			isa = PBXCopyFilesBuildPhase;
			buildActionMask = 2147483647;
			dstPath = "";
			dstSubfolderSpec = 13;
			files = (
				0C17D2E51A7BAE71DB5FE8DE /* VisynDemoBroadcastExtension.appex in Embed Foundation Extensions */,
			);
			name = "Embed Foundation Extensions";
			runOnlyForDeploymentPostprocessing = 0;
		};
/* End PBXCopyFilesBuildPhase section */

/* Begin PBXFileReference section */
		3E69A38A9C87FAEB93C9979B /* VisynDemoBroadcastExtension.appex */ = {isa = PBXFileReference; explicitFileType = "wrapper.app-extension"; includeInIndex = 0; path = VisynDemoBroadcastExtension.appex; sourceTree = BUILT_PRODUCTS_DIR; };
		B6A1B5F136487B79E11AE7B3 /* Visyn */ = {isa = PBXFileReference; includeInIndex = 1; lastKnownFileType = wrapper; name = Visyn; path = ../..; sourceTree = "<group>"; };
		CD490BB9E2D377D4C68250E7 /* VisynDemoSampleHandler.swift */ = {isa = PBXFileReference; includeInIndex = 1; lastKnownFileType = sourcecode.swift; name = VisynDemoSampleHandler.swift; path = VisynDemoBroadcastExtension/VisynDemoSampleHandler.swift; sourceTree = "<group>"; };
		DC5D1A5E3062575E0033519A /* VisynDemo.app */ = {isa = PBXFileReference; explicitFileType = wrapper.application; includeInIndex = 0; path = VisynDemo.app; sourceTree = BUILT_PRODUCTS_DIR; };
		F8903DAD030698296D7ECD74 /* Configuration.xcconfig */ = {isa = PBXFileReference; includeInIndex = 1; lastKnownFileType = text.xcconfig; path = Configuration.xcconfig; sourceTree = "<group>"; };
/* End PBXFileReference section */

/* Begin PBXFileSystemSynchronizedBuildFileExceptionSet section */
		DC5D1A70306257600033519A /* Exceptions for "VisynDemo" folder in "VisynDemo" target */ = {
			isa = PBXFileSystemSynchronizedBuildFileExceptionSet;
			membershipExceptions = (
				Info.plist,
			);
			target = DC5D1A5D3062575E0033519A /* VisynDemo */;
		};
/* End PBXFileSystemSynchronizedBuildFileExceptionSet section */

/* Begin PBXFileSystemSynchronizedRootGroup section */
		DC5D1A603062575E0033519A /* VisynDemo */ = {
			isa = PBXFileSystemSynchronizedRootGroup;
			exceptions = (
				DC5D1A70306257600033519A /* Exceptions for "VisynDemo" folder in "VisynDemo" target */,
			);
			path = VisynDemo;
			sourceTree = "<group>";
		};
/* End PBXFileSystemSynchronizedRootGroup section */

/* Begin PBXFrameworksBuildPhase section */
		4883F41A544A4040C212405A /* Frameworks */ = {
			isa = PBXFrameworksBuildPhase;
			buildActionMask = 2147483647;
			files = (
				2D86AB15EDFF9DE00C3802CC /* VisynBroadcast in Frameworks */,
			);
			runOnlyForDeploymentPostprocessing = 0;
		};
		DC5D1A5B3062575E0033519A /* Frameworks */ = {
			isa = PBXFrameworksBuildPhase;
			buildActionMask = 2147483647;
			files = (
				0B52F1AE5C77190760DFB39A /* VisynCapture in Frameworks */,
			);
			runOnlyForDeploymentPostprocessing = 0;
		};
/* End PBXFrameworksBuildPhase section */

/* Begin PBXGroup section */
		DC5D1A553062575E0033519A = {
			isa = PBXGroup;
			children = (
				DC5D1A603062575E0033519A /* VisynDemo */,
				DC5D1A5F3062575E0033519A /* Products */,
				CD490BB9E2D377D4C68250E7 /* VisynDemoSampleHandler.swift */,
				B6A1B5F136487B79E11AE7B3 /* Visyn */,
				F8903DAD030698296D7ECD74 /* Configuration.xcconfig */,
			);
			sourceTree = "<group>";
		};
		DC5D1A5F3062575E0033519A /* Products */ = {
			isa = PBXGroup;
			children = (
				DC5D1A5E3062575E0033519A /* VisynDemo.app */,
				3E69A38A9C87FAEB93C9979B /* VisynDemoBroadcastExtension.appex */,
			);
			name = Products;
			sourceTree = "<group>";
		};
/* End PBXGroup section */

/* Begin PBXNativeTarget section */
		CC4880D876A83CA27E6F48D1 /* VisynDemoBroadcastExtension */ = {
			isa = PBXNativeTarget;
			buildConfigurationList = B54223B6BBFF01D3E5E8DCF1 /* Build configuration list for PBXNativeTarget "VisynDemoBroadcastExtension" */;
			buildPhases = (
				DFFAF8A483805CDF77743972 /* Sources */,
				4883F41A544A4040C212405A /* Frameworks */,
				0D3E8CCDE196B16B010CC6C6 /* Resources */,
			);
			buildRules = (
			);
			dependencies = (
			);
			name = VisynDemoBroadcastExtension;
			packageProductDependencies = (
				E2441167DC0BF72C5FCF5869 /* VisynBroadcast */,
			);
			productName = VisynDemoBroadcastExtension;
			productReference = 3E69A38A9C87FAEB93C9979B /* VisynDemoBroadcastExtension.appex */;
			productType = "com.apple.product-type.app-extension";
		};
		DC5D1A5D3062575E0033519A /* VisynDemo */ = {
			isa = PBXNativeTarget;
			buildConfigurationList = DC5D1A71306257600033519A /* Build configuration list for PBXNativeTarget "VisynDemo" */;
			buildPhases = (
				DC5D1A5A3062575E0033519A /* Sources */,
				DC5D1A5B3062575E0033519A /* Frameworks */,
				DC5D1A5C3062575E0033519A /* Resources */,
				8DDFE3FEB9DD4474543080D4 /* Embed Foundation Extensions */,
			);
			buildRules = (
			);
			dependencies = (
				7298ABDE4691D24162CB9EA9 /* PBXTargetDependency */,
			);
			fileSystemSynchronizedGroups = (
				DC5D1A603062575E0033519A /* VisynDemo */,
			);
			name = VisynDemo;
			packageProductDependencies = (
				7206DC86AB8B1B44EA994628 /* VisynCapture */,
			);
			productName = VisynDemo;
			productReference = DC5D1A5E3062575E0033519A /* VisynDemo.app */;
			productType = "com.apple.product-type.application";
		};
/* End PBXNativeTarget section */

/* Begin PBXProject section */
		DC5D1A563062575E0033519A /* Project object */ = {
			isa = PBXProject;
			attributes = {
				BuildIndependentTargetsInParallel = 1;
				LastSwiftUpdateCheck = 2660;
				LastUpgradeCheck = 2660;
				TargetAttributes = {
					CC4880D876A83CA27E6F48D1 = {
						SystemCapabilities = {
							com.apple.ApplicationGroups.iOS = {
								enabled = 1;
							};
						};
					};
					DC5D1A5D3062575E0033519A = {
						CreatedOnToolsVersion = 26.6;
						SystemCapabilities = {
							com.apple.ApplicationGroups.iOS = {
								enabled = 1;
							};
						};
					};
				};
			};
			buildConfigurationList = DC5D1A593062575E0033519A /* Build configuration list for PBXProject "VisynDemo" */;
			developmentRegion = en;
			hasScannedForEncodings = 0;
			knownRegions = (
				en,
				Base,
			);
			mainGroup = DC5D1A553062575E0033519A;
			minimizedProjectReferenceProxies = 1;
			packageReferences = (
				5548AD7CDFB3DCB277AB0C37 /* XCLocalSwiftPackageReference "../.." */,
			);
			preferredProjectObjectVersion = 77;
			productRefGroup = DC5D1A5F3062575E0033519A /* Products */;
			projectDirPath = "";
			projectRoot = "";
			targets = (
				DC5D1A5D3062575E0033519A /* VisynDemo */,
				CC4880D876A83CA27E6F48D1 /* VisynDemoBroadcastExtension */,
			);
		};
/* End PBXProject section */

/* Begin PBXResourcesBuildPhase section */
		0D3E8CCDE196B16B010CC6C6 /* Resources */ = {
			isa = PBXResourcesBuildPhase;
			buildActionMask = 2147483647;
			files = (
			);
			runOnlyForDeploymentPostprocessing = 0;
		};
		DC5D1A5C3062575E0033519A /* Resources */ = {
			isa = PBXResourcesBuildPhase;
			buildActionMask = 2147483647;
			files = (
			);
			runOnlyForDeploymentPostprocessing = 0;
		};
/* End PBXResourcesBuildPhase section */

/* Begin PBXSourcesBuildPhase section */
		DC5D1A5A3062575E0033519A /* Sources */ = {
			isa = PBXSourcesBuildPhase;
			buildActionMask = 2147483647;
			files = (
			);
			runOnlyForDeploymentPostprocessing = 0;
		};
		DFFAF8A483805CDF77743972 /* Sources */ = {
			isa = PBXSourcesBuildPhase;
			buildActionMask = 2147483647;
			files = (
				0E393BA7ECA8437C16EF7F7A /* VisynDemoSampleHandler.swift in Sources */,
			);
			runOnlyForDeploymentPostprocessing = 0;
		};
/* End PBXSourcesBuildPhase section */

/* Begin PBXTargetDependency section */
		7298ABDE4691D24162CB9EA9 /* PBXTargetDependency */ = {
			isa = PBXTargetDependency;
			name = VisynDemoBroadcastExtension;
			target = CC4880D876A83CA27E6F48D1 /* VisynDemoBroadcastExtension */;
			targetProxy = 10F19DB95FF63B5FDB461C54 /* PBXContainerItemProxy */;
		};
/* End PBXTargetDependency section */

/* Begin XCBuildConfiguration section */
		A1E45F39682D301FA0BA6161 /* Release */ = {
			isa = XCBuildConfiguration;
			buildSettings = {
				APPLICATION_EXTENSION_API_ONLY = YES;
				CLANG_ENABLE_OBJC_WEAK = NO;
				CODE_SIGN_ENTITLEMENTS = VisynDemoBroadcastExtension/VisynDemoBroadcastExtension.entitlements;
				CODE_SIGN_STYLE = Automatic;
				CURRENT_PROJECT_VERSION = 1;
				GENERATE_INFOPLIST_FILE = YES;
				INFOPLIST_FILE = VisynDemoBroadcastExtension/Info.plist;
				INFOPLIST_KEY_CFBundleDisplayName = "Visyn Demo";
				IPHONEOS_DEPLOYMENT_TARGET = 15.0;
				MARKETING_VERSION = 1.0;
				PRODUCT_BUNDLE_IDENTIFIER = "$(VISYN_DEMO_BUNDLE_ID).VisynDemoBroadcastExtension";
				PRODUCT_NAME = "$(TARGET_NAME)";
				SDKROOT = iphoneos;
				SKIP_INSTALL = YES;
				SWIFT_VERSION = 5.0;
				TARGETED_DEVICE_FAMILY = "1,2";
				VALIDATE_PRODUCT = YES;
			};
			name = Release;
		};
		C4728B6BDAC7DA543D69A868 /* Debug */ = {
			isa = XCBuildConfiguration;
			buildSettings = {
				APPLICATION_EXTENSION_API_ONLY = YES;
				CLANG_ENABLE_OBJC_WEAK = NO;
				CODE_SIGN_ENTITLEMENTS = VisynDemoBroadcastExtension/VisynDemoBroadcastExtension.entitlements;
				CODE_SIGN_STYLE = Automatic;
				CURRENT_PROJECT_VERSION = 1;
				GENERATE_INFOPLIST_FILE = YES;
				INFOPLIST_FILE = VisynDemoBroadcastExtension/Info.plist;
				INFOPLIST_KEY_CFBundleDisplayName = "Visyn Demo";
				IPHONEOS_DEPLOYMENT_TARGET = 15.0;
				MARKETING_VERSION = 1.0;
				PRODUCT_BUNDLE_IDENTIFIER = "$(VISYN_DEMO_BUNDLE_ID).VisynDemoBroadcastExtension";
				PRODUCT_NAME = "$(TARGET_NAME)";
				SDKROOT = iphoneos;
				SKIP_INSTALL = YES;
				SWIFT_VERSION = 5.0;
				TARGETED_DEVICE_FAMILY = "1,2";
			};
			name = Debug;
		};
		DC5D1A72306257600033519A /* Debug */ = {
			isa = XCBuildConfiguration;
			buildSettings = {
				ASSETCATALOG_COMPILER_APPICON_NAME = AppIcon;
				ASSETCATALOG_COMPILER_GLOBAL_ACCENT_COLOR_NAME = AccentColor;
				CODE_SIGN_ENTITLEMENTS = VisynDemo/VisynDemo.entitlements;
				CODE_SIGN_STYLE = Automatic;
				CURRENT_PROJECT_VERSION = 1;
				GENERATE_INFOPLIST_FILE = YES;
				INFOPLIST_FILE = VisynDemo/Info.plist;
				INFOPLIST_KEY_CFBundleDisplayName = "Visyn Demo";
				INFOPLIST_KEY_UIApplicationSupportsIndirectInputEvents = YES;
				INFOPLIST_KEY_UILaunchStoryboardName = LaunchScreen;
				INFOPLIST_KEY_UIMainStoryboardFile = Main;
				INFOPLIST_KEY_UISupportedInterfaceOrientations_iPad = "UIInterfaceOrientationPortrait UIInterfaceOrientationPortraitUpsideDown UIInterfaceOrientationLandscapeLeft UIInterfaceOrientationLandscapeRight";
				INFOPLIST_KEY_UISupportedInterfaceOrientations_iPhone = "UIInterfaceOrientationPortrait UIInterfaceOrientationLandscapeLeft UIInterfaceOrientationLandscapeRight";
				IPHONEOS_DEPLOYMENT_TARGET = 15.0;
				LD_RUNPATH_SEARCH_PATHS = (
					"$(inherited)",
					"@executable_path/Frameworks",
				);
				MARKETING_VERSION = 1.0;
				PRODUCT_BUNDLE_IDENTIFIER = "$(VISYN_DEMO_BUNDLE_ID)";
				PRODUCT_NAME = "$(TARGET_NAME)";
				STRING_CATALOG_GENERATE_SYMBOLS = YES;
				SWIFT_APPROACHABLE_CONCURRENCY = YES;
				SWIFT_DEFAULT_ACTOR_ISOLATION = MainActor;
				SWIFT_EMIT_LOC_STRINGS = YES;
				SWIFT_UPCOMING_FEATURE_MEMBER_IMPORT_VISIBILITY = YES;
				SWIFT_VERSION = 5.0;
				TARGETED_DEVICE_FAMILY = "1,2";
			};
			name = Debug;
		};
		DC5D1A73306257600033519A /* Release */ = {
			isa = XCBuildConfiguration;
			buildSettings = {
				ASSETCATALOG_COMPILER_APPICON_NAME = AppIcon;
				ASSETCATALOG_COMPILER_GLOBAL_ACCENT_COLOR_NAME = AccentColor;
				CODE_SIGN_ENTITLEMENTS = VisynDemo/VisynDemo.entitlements;
				CODE_SIGN_STYLE = Automatic;
				CURRENT_PROJECT_VERSION = 1;
				GENERATE_INFOPLIST_FILE = YES;
				INFOPLIST_FILE = VisynDemo/Info.plist;
				INFOPLIST_KEY_CFBundleDisplayName = "Visyn Demo";
				INFOPLIST_KEY_UIApplicationSupportsIndirectInputEvents = YES;
				INFOPLIST_KEY_UILaunchStoryboardName = LaunchScreen;
				INFOPLIST_KEY_UIMainStoryboardFile = Main;
				INFOPLIST_KEY_UISupportedInterfaceOrientations_iPad = "UIInterfaceOrientationPortrait UIInterfaceOrientationPortraitUpsideDown UIInterfaceOrientationLandscapeLeft UIInterfaceOrientationLandscapeRight";
				INFOPLIST_KEY_UISupportedInterfaceOrientations_iPhone = "UIInterfaceOrientationPortrait UIInterfaceOrientationLandscapeLeft UIInterfaceOrientationLandscapeRight";
				IPHONEOS_DEPLOYMENT_TARGET = 15.0;
				LD_RUNPATH_SEARCH_PATHS = (
					"$(inherited)",
					"@executable_path/Frameworks",
				);
				MARKETING_VERSION = 1.0;
				PRODUCT_BUNDLE_IDENTIFIER = "$(VISYN_DEMO_BUNDLE_ID)";
				PRODUCT_NAME = "$(TARGET_NAME)";
				STRING_CATALOG_GENERATE_SYMBOLS = YES;
				SWIFT_APPROACHABLE_CONCURRENCY = YES;
				SWIFT_DEFAULT_ACTOR_ISOLATION = MainActor;
				SWIFT_EMIT_LOC_STRINGS = YES;
				SWIFT_UPCOMING_FEATURE_MEMBER_IMPORT_VISIBILITY = YES;
				SWIFT_VERSION = 5.0;
				TARGETED_DEVICE_FAMILY = "1,2";
			};
			name = Release;
		};
		DC5D1A74306257600033519A /* Debug */ = {
			isa = XCBuildConfiguration;
			baseConfigurationReference = F8903DAD030698296D7ECD74 /* Configuration.xcconfig */;
			buildSettings = {
				ALWAYS_SEARCH_USER_PATHS = NO;
				ASSETCATALOG_COMPILER_GENERATE_SWIFT_ASSET_SYMBOL_EXTENSIONS = YES;
				CLANG_ANALYZER_NONNULL = YES;
				CLANG_ANALYZER_NUMBER_OBJECT_CONVERSION = YES_AGGRESSIVE;
				CLANG_CXX_LANGUAGE_STANDARD = "gnu++20";
				CLANG_ENABLE_MODULES = YES;
				CLANG_ENABLE_OBJC_ARC = YES;
				CLANG_ENABLE_OBJC_WEAK = YES;
				CLANG_WARN_BLOCK_CAPTURE_AUTORELEASING = YES;
				CLANG_WARN_BOOL_CONVERSION = YES;
				CLANG_WARN_COMMA = YES;
				CLANG_WARN_CONSTANT_CONVERSION = YES;
				CLANG_WARN_DEPRECATED_OBJC_IMPLEMENTATIONS = YES;
				CLANG_WARN_DIRECT_OBJC_ISA_USAGE = YES_ERROR;
				CLANG_WARN_DOCUMENTATION_COMMENTS = YES;
				CLANG_WARN_EMPTY_BODY = YES;
				CLANG_WARN_ENUM_CONVERSION = YES;
				CLANG_WARN_INFINITE_RECURSION = YES;
				CLANG_WARN_INT_CONVERSION = YES;
				CLANG_WARN_NON_LITERAL_NULL_CONVERSION = YES;
				CLANG_WARN_OBJC_IMPLICIT_RETAIN_SELF = YES;
				CLANG_WARN_OBJC_LITERAL_CONVERSION = YES;
				CLANG_WARN_OBJC_ROOT_CLASS = YES_ERROR;
				CLANG_WARN_QUOTED_INCLUDE_IN_FRAMEWORK_HEADER = YES;
				CLANG_WARN_RANGE_LOOP_ANALYSIS = YES;
				CLANG_WARN_STRICT_PROTOTYPES = YES;
				CLANG_WARN_SUSPICIOUS_MOVE = YES;
				CLANG_WARN_UNGUARDED_AVAILABILITY = YES_AGGRESSIVE;
				CLANG_WARN_UNREACHABLE_CODE = YES;
				CLANG_WARN__DUPLICATE_METHOD_MATCH = YES;
				COPY_PHASE_STRIP = NO;
				DEBUG_INFORMATION_FORMAT = dwarf;
				ENABLE_STRICT_OBJC_MSGSEND = YES;
				ENABLE_TESTABILITY = YES;
				ENABLE_USER_SCRIPT_SANDBOXING = YES;
				GCC_C_LANGUAGE_STANDARD = gnu17;
				GCC_DYNAMIC_NO_PIC = NO;
				GCC_NO_COMMON_BLOCKS = YES;
				GCC_OPTIMIZATION_LEVEL = 0;
				GCC_PREPROCESSOR_DEFINITIONS = (
					"DEBUG=1",
					"$(inherited)",
				);
				GCC_WARN_64_TO_32_BIT_CONVERSION = YES;
				GCC_WARN_ABOUT_RETURN_TYPE = YES_ERROR;
				GCC_WARN_UNDECLARED_SELECTOR = YES;
				GCC_WARN_UNINITIALIZED_AUTOS = YES_AGGRESSIVE;
				GCC_WARN_UNUSED_FUNCTION = YES;
				GCC_WARN_UNUSED_VARIABLE = YES;
				IPHONEOS_DEPLOYMENT_TARGET = 15.0;
				LOCALIZATION_PREFERS_STRING_CATALOGS = YES;
				MTL_ENABLE_DEBUG_INFO = INCLUDE_SOURCE;
				MTL_FAST_MATH = YES;
				ONLY_ACTIVE_ARCH = YES;
				SDKROOT = iphoneos;
				SWIFT_ACTIVE_COMPILATION_CONDITIONS = "DEBUG $(inherited)";
				SWIFT_OPTIMIZATION_LEVEL = "-Onone";
			};
			name = Debug;
		};
		DC5D1A75306257600033519A /* Release */ = {
			isa = XCBuildConfiguration;
			baseConfigurationReference = F8903DAD030698296D7ECD74 /* Configuration.xcconfig */;
			buildSettings = {
				ALWAYS_SEARCH_USER_PATHS = NO;
				ASSETCATALOG_COMPILER_GENERATE_SWIFT_ASSET_SYMBOL_EXTENSIONS = YES;
				CLANG_ANALYZER_NONNULL = YES;
				CLANG_ANALYZER_NUMBER_OBJECT_CONVERSION = YES_AGGRESSIVE;
				CLANG_CXX_LANGUAGE_STANDARD = "gnu++20";
				CLANG_ENABLE_MODULES = YES;
				CLANG_ENABLE_OBJC_ARC = YES;
				CLANG_ENABLE_OBJC_WEAK = YES;
				CLANG_WARN_BLOCK_CAPTURE_AUTORELEASING = YES;
				CLANG_WARN_BOOL_CONVERSION = YES;
				CLANG_WARN_COMMA = YES;
				CLANG_WARN_CONSTANT_CONVERSION = YES;
				CLANG_WARN_DEPRECATED_OBJC_IMPLEMENTATIONS = YES;
				CLANG_WARN_DIRECT_OBJC_ISA_USAGE = YES_ERROR;
				CLANG_WARN_DOCUMENTATION_COMMENTS = YES;
				CLANG_WARN_EMPTY_BODY = YES;
				CLANG_WARN_ENUM_CONVERSION = YES;
				CLANG_WARN_INFINITE_RECURSION = YES;
				CLANG_WARN_INT_CONVERSION = YES;
				CLANG_WARN_NON_LITERAL_NULL_CONVERSION = YES;
				CLANG_WARN_OBJC_IMPLICIT_RETAIN_SELF = YES;
				CLANG_WARN_OBJC_LITERAL_CONVERSION = YES;
				CLANG_WARN_OBJC_ROOT_CLASS = YES_ERROR;
				CLANG_WARN_QUOTED_INCLUDE_IN_FRAMEWORK_HEADER = YES;
				CLANG_WARN_RANGE_LOOP_ANALYSIS = YES;
				CLANG_WARN_STRICT_PROTOTYPES = YES;
				CLANG_WARN_SUSPICIOUS_MOVE = YES;
				CLANG_WARN_UNGUARDED_AVAILABILITY = YES_AGGRESSIVE;
				CLANG_WARN_UNREACHABLE_CODE = YES;
				CLANG_WARN__DUPLICATE_METHOD_MATCH = YES;
				COPY_PHASE_STRIP = NO;
				DEBUG_INFORMATION_FORMAT = "dwarf-with-dsym";
				ENABLE_NS_ASSERTIONS = NO;
				ENABLE_STRICT_OBJC_MSGSEND = YES;
				ENABLE_USER_SCRIPT_SANDBOXING = YES;
				GCC_C_LANGUAGE_STANDARD = gnu17;
				GCC_NO_COMMON_BLOCKS = YES;
				GCC_WARN_64_TO_32_BIT_CONVERSION = YES;
				GCC_WARN_ABOUT_RETURN_TYPE = YES_ERROR;
				GCC_WARN_UNDECLARED_SELECTOR = YES;
				GCC_WARN_UNINITIALIZED_AUTOS = YES_AGGRESSIVE;
				GCC_WARN_UNUSED_FUNCTION = YES;
				GCC_WARN_UNUSED_VARIABLE = YES;
				IPHONEOS_DEPLOYMENT_TARGET = 15.0;
				LOCALIZATION_PREFERS_STRING_CATALOGS = YES;
				MTL_ENABLE_DEBUG_INFO = NO;
				MTL_FAST_MATH = YES;
				SDKROOT = iphoneos;
				SWIFT_COMPILATION_MODE = wholemodule;
				VALIDATE_PRODUCT = YES;
			};
			name = Release;
		};
/* End XCBuildConfiguration section */

/* Begin XCConfigurationList section */
		B54223B6BBFF01D3E5E8DCF1 /* Build configuration list for PBXNativeTarget "VisynDemoBroadcastExtension" */ = {
			isa = XCConfigurationList;
			buildConfigurations = (
				A1E45F39682D301FA0BA6161 /* Release */,
				C4728B6BDAC7DA543D69A868 /* Debug */,
			);
			defaultConfigurationIsVisible = 0;
			defaultConfigurationName = Release;
		};
		DC5D1A593062575E0033519A /* Build configuration list for PBXProject "VisynDemo" */ = {
			isa = XCConfigurationList;
			buildConfigurations = (
				DC5D1A74306257600033519A /* Debug */,
				DC5D1A75306257600033519A /* Release */,
			);
			defaultConfigurationIsVisible = 0;
			defaultConfigurationName = Release;
		};
		DC5D1A71306257600033519A /* Build configuration list for PBXNativeTarget "VisynDemo" */ = {
			isa = XCConfigurationList;
			buildConfigurations = (
				DC5D1A72306257600033519A /* Debug */,
				DC5D1A73306257600033519A /* Release */,
			);
			defaultConfigurationIsVisible = 0;
			defaultConfigurationName = Release;
		};
/* End XCConfigurationList section */

/* Begin XCLocalSwiftPackageReference section */
		5548AD7CDFB3DCB277AB0C37 /* XCLocalSwiftPackageReference "../.." */ = {
			isa = XCLocalSwiftPackageReference;
			relativePath = ../..;
		};
/* End XCLocalSwiftPackageReference section */

/* Begin XCSwiftPackageProductDependency section */
		7206DC86AB8B1B44EA994628 /* VisynCapture */ = {
			isa = XCSwiftPackageProductDependency;
			productName = VisynCapture;
		};
		E2441167DC0BF72C5FCF5869 /* VisynBroadcast */ = {
			isa = XCSwiftPackageProductDependency;
			productName = VisynBroadcast;
		};
/* End XCSwiftPackageProductDependency section */
	};
	rootObject = DC5D1A563062575E0033519A /* Project object */;
}
